{
  "name": "@develop-plugins/pdf-preview",
  "version": "0.0.2",
  "lockfileVersion": 2,
  "requires": true,
  "packages": {
    "": {
      "name": "@develop-plugins/pdf-preview",
      "version": "0.0.2",
      "license": "ISC",
      "dependencies": {
        "pdfjs-dist": "^5.1.91"
      },
      "engines": {
        "node": ">=18"
      },
      "peerDependencies": {
        "vue": "^3.0.0"
      }
    },
    "../../../node_modules/.pnpm/pdfjs-dist@5.1.91/node_modules/pdfjs-dist": {
      "version": "5.1.91",
      "license": "Apache-2.0",
      "engines": {
        "node": ">=20"
      },
      "optionalDependencies": {
        "@napi-rs/canvas": "^0.1.67"
      }
    },
    "../../../node_modules/.pnpm/vue@3.4.27_typescript@4.1.2/node_modules/vue": {
      "version": "3.4.27",
      "license": "MIT",
      "peer": true,
      "dependencies": {
        "@vue/compiler-dom": "3.4.27",
        "@vue/compiler-sfc": "3.4.27",
        "@vue/runtime-dom": "3.4.27",
        "@vue/server-renderer": "3.4.27",
        "@vue/shared": "3.4.27"
      },
      "peerDependencies": {
        "typescript": "*"
      },
      "peerDependenciesMeta": {
        "typescript": {
          "optional": true
        }
      }
    },
    "node_modules/pdfjs-dist": {
      "resolved": "../../../node_modules/.pnpm/pdfjs-dist@5.1.91/node_modules/pdfjs-dist",
      "link": true
    },
    "node_modules/vue": {
      "resolved": "../../../node_modules/.pnpm/vue@3.4.27_typescript@4.1.2/node_modules/vue",
      "link": true
    }
  },
  "dependencies": {
    "pdfjs-dist": {
      "version": "file:../../../node_modules/.pnpm/pdfjs-dist@5.1.91/node_modules/pdfjs-dist",
      "requires": {
        "@napi-rs/canvas": "^0.1.67"
      }
    },
    "vue": {
      "version": "file:../../../node_modules/.pnpm/vue@3.4.27_typescript@4.1.2/node_modules/vue",
      "requires": {
        "@vue/compiler-dom": "3.4.27",
        "@vue/compiler-sfc": "3.4.27",
        "@vue/runtime-dom": "3.4.27",
        "@vue/server-renderer": "3.4.27",
        "@vue/shared": "3.4.27"
      }
    }
  }
}
