{
  "name": "@develop-plugins/vite-build-git-info",
  "version": "0.0.1",
  "lockfileVersion": 3,
  "requires": true,
  "packages": {
    "": {
      "name": "@develop-plugins/vite-build-git-info",
      "version": "0.0.1",
      "license": "ISC"
    },
    "../../../build": {
      "name": "@develop-plugins/build",
      "version": "0.0.1",
      "extraneous": true,
      "license": "ISC"
    }
  }
}
