{
  "name": "@develop-plugins/vite-generate-zip",
  "version": "0.0.2",
  "lockfileVersion": 3,
  "requires": true,
  "packages": {
    "": {
      "name": "@develop-plugins/vite-generate-zip",
      "version": "0.0.2",
      "license": "ISC",
      "dependencies": {
        "archiver": "^7.0.1"
      },
      "engines": {
        "node": ">=18"
      }
    },
    "../../../node_modules/.pnpm/archiver@7.0.1/node_modules/archiver": {
      "version": "7.0.1",
      "license": "MIT",
      "dependencies": {
        "archiver-utils": "^5.0.2",
        "async": "^3.2.4",
        "buffer-crc32": "^1.0.0",
        "readable-stream": "^4.0.0",
        "readdir-glob": "^1.1.2",
        "tar-stream": "^3.0.0",
        "zip-stream": "^6.0.1"
      },
      "devDependencies": {
        "archiver-jsdoc-theme": "1.1.3",
        "chai": "4.4.1",
        "jsdoc": "4.0.2",
        "mkdirp": "3.0.1",
        "mocha": "10.3.0",
        "rimraf": "5.0.5",
        "stream-bench": "0.1.2",
        "tar": "6.2.0",
        "yauzl": "3.1.2"
      },
      "engines": {
        "node": ">= 14"
      }
    },
    "node_modules/archiver": {
      "resolved": "../../../node_modules/.pnpm/archiver@7.0.1/node_modules/archiver",
      "link": true
    }
  }
}
